
Microsoft Visual Studio Solution File, Format Version 12.00
Project("{2150E333-8FDC-42A3-9474-1A3956D46DE8}") = "Common", "Common", "{953EAE90-F5AD-479C-A715-C34DC50856EC}"
EndProject
Project("{2150E333-8FDC-42A3-9474-1A3956D46DE8}") = "Services", "Services", "{303E2745-F34A-4A17-BF30-909488908CD3}"
EndProject
Project("{2150E333-8FDC-42A3-9474-1A3956D46DE8}") = "Data", "Data", "{79967478-418D-4EB0-AB34-D677DECC4ADB}"
EndProject
Project("{FAE04EC0-301F-11D3-BF4B-00C04F79EFBC}") = "Bluesport.Data", "Bluesport.Data\Bluesport.Data.csproj", "{BAA32264-807E-4DAF-A39A-EEC18BCAB055}"
EndProject
Project("{FAE04EC0-301F-11D3-BF4B-00C04F79EFBC}") = "Bluesport.Common", "Bluesport.Common\Bluesport.Common.csproj", "{F051FE44-8577-47C9-AFFA-32DA24DB73D7}"
EndProject
Project("{FAE04EC0-301F-11D3-BF4B-00C04F79EFBC}") = "Bluesport.Services", "Bluesport.Services\Bluesport.Services.csproj", "{A680E3BF-670F-4399-8CBB-D6D41603771F}"
EndProject
Project("{FAE04EC0-301F-11D3-BF4B-00C04F79EFBC}") = "Bluesport.ApiIntegration", "Bluesport.ApiIntegration\Bluesport.ApiIntegration.csproj", "{E19DFE32-8523-4104-B861-B70A6260790B}"
EndProject
Project("{2150E333-8FDC-42A3-9474-1A3956D46DE8}") = "Web", "Web", "{0D29BC1A-2809-4989-8D63-77ED6C5660F9}"
EndProject
Project("{FAE04EC0-301F-11D3-BF4B-00C04F79EFBC}") = "Bluesport.WebAPI", "Bluesport.WebAPI\Bluesport.WebAPI.csproj", "{CD184C8B-2483-4A0F-ADCC-F182131A2E8E}"
EndProject
Project("{FAE04EC0-301F-11D3-BF4B-00C04F79EFBC}") = "Bluesport.WebApp", "Bluesport.WebApp\Bluesport.WebApp.csproj", "{1AA8F050-01D5-4EE8-98E5-B73B08B9E227}"
EndProject
Global
	GlobalSection(SolutionConfigurationPlatforms) = preSolution
		Debug|Any CPU = Debug|Any CPU
		Release|Any CPU = Release|Any CPU
	EndGlobalSection
	GlobalSection(ProjectConfigurationPlatforms) = postSolution
		{BAA32264-807E-4DAF-A39A-EEC18BCAB055}.Debug|Any CPU.ActiveCfg = Debug|Any CPU
		{BAA32264-807E-4DAF-A39A-EEC18BCAB055}.Debug|Any CPU.Build.0 = Debug|Any CPU
		{BAA32264-807E-4DAF-A39A-EEC18BCAB055}.Release|Any CPU.ActiveCfg = Release|Any CPU
		{BAA32264-807E-4DAF-A39A-EEC18BCAB055}.Release|Any CPU.Build.0 = Release|Any CPU
		{F051FE44-8577-47C9-AFFA-32DA24DB73D7}.Debug|Any CPU.ActiveCfg = Debug|Any CPU
		{F051FE44-8577-47C9-AFFA-32DA24DB73D7}.Debug|Any CPU.Build.0 = Debug|Any CPU
		{F051FE44-8577-47C9-AFFA-32DA24DB73D7}.Release|Any CPU.ActiveCfg = Release|Any CPU
		{F051FE44-8577-47C9-AFFA-32DA24DB73D7}.Release|Any CPU.Build.0 = Release|Any CPU
		{A680E3BF-670F-4399-8CBB-D6D41603771F}.Debug|Any CPU.ActiveCfg = Debug|Any CPU
		{A680E3BF-670F-4399-8CBB-D6D41603771F}.Debug|Any CPU.Build.0 = Debug|Any CPU
		{A680E3BF-670F-4399-8CBB-D6D41603771F}.Release|Any CPU.ActiveCfg = Release|Any CPU
		{A680E3BF-670F-4399-8CBB-D6D41603771F}.Release|Any CPU.Build.0 = Release|Any CPU
		{E19DFE32-8523-4104-B861-B70A6260790B}.Debug|Any CPU.ActiveCfg = Debug|Any CPU
		{E19DFE32-8523-4104-B861-B70A6260790B}.Debug|Any CPU.Build.0 = Debug|Any CPU
		{E19DFE32-8523-4104-B861-B70A6260790B}.Release|Any CPU.ActiveCfg = Release|Any CPU
		{E19DFE32-8523-4104-B861-B70A6260790B}.Release|Any CPU.Build.0 = Release|Any CPU
		{CD184C8B-2483-4A0F-ADCC-F182131A2E8E}.Debug|Any CPU.ActiveCfg = Debug|Any CPU
		{CD184C8B-2483-4A0F-ADCC-F182131A2E8E}.Debug|Any CPU.Build.0 = Debug|Any CPU
		{CD184C8B-2483-4A0F-ADCC-F182131A2E8E}.Release|Any CPU.ActiveCfg = Release|Any CPU
		{CD184C8B-2483-4A0F-ADCC-F182131A2E8E}.Release|Any CPU.Build.0 = Release|Any CPU
		{1AA8F050-01D5-4EE8-98E5-B73B08B9E227}.Debug|Any CPU.ActiveCfg = Debug|Any CPU
		{1AA8F050-01D5-4EE8-98E5-B73B08B9E227}.Debug|Any CPU.Build.0 = Debug|Any CPU
		{1AA8F050-01D5-4EE8-98E5-B73B08B9E227}.Release|Any CPU.ActiveCfg = Release|Any CPU
		{1AA8F050-01D5-4EE8-98E5-B73B08B9E227}.Release|Any CPU.Build.0 = Release|Any CPU
	EndGlobalSection
	GlobalSection(NestedProjects) = preSolution
		{BAA32264-807E-4DAF-A39A-EEC18BCAB055} = {79967478-418D-4EB0-AB34-D677DECC4ADB}
		{F051FE44-8577-47C9-AFFA-32DA24DB73D7} = {953EAE90-F5AD-479C-A715-C34DC50856EC}
		{A680E3BF-670F-4399-8CBB-D6D41603771F} = {303E2745-F34A-4A17-BF30-909488908CD3}
		{E19DFE32-8523-4104-B861-B70A6260790B} = {303E2745-F34A-4A17-BF30-909488908CD3}
		{CD184C8B-2483-4A0F-ADCC-F182131A2E8E} = {0D29BC1A-2809-4989-8D63-77ED6C5660F9}
		{1AA8F050-01D5-4EE8-98E5-B73B08B9E227} = {0D29BC1A-2809-4989-8D63-77ED6C5660F9}
	EndGlobalSection
EndGlobal
